
Microsoft Visual Studio Solution File, Format Version 12.00
# Visual Studio Version 17
VisualStudioVersion = 17.0.31903.59
MinimumVisualStudioVersion = 10.0.40219.1
Project("{9A19103F-16F7-4668-BE54-9A1E7A4F7556}") = "Connect4", "Connect4\Connect4.csproj", "{1DFCF1A5-15D2-4334-A4AC-FA5EFDB16AE8}"
EndProject
Project("{9A19103F-16F7-4668-BE54-9A1E7A4F7556}") = "Connect4-ConsoleUI", "Connect4-ConsoleUI\Connect4-ConsoleUI.csproj", "{795F56FF-123E-41BA-9FB0-493DD4982E03}"
EndProject
Project("{9A19103F-16F7-4668-BE54-9A1E7A4F7556}") = "Connect4.Tests", "Connect4.Tests\Connect4.Tests.csproj", "{27E6E4C2-9458-4A60-8245-B7725EE5285A}"
EndProject
Project("{FAE04EC0-301F-11D3-BF4B-00C04F79EFBC}") = "Connect4.Relay", "Connect4.Relay\Connect4.Relay.csproj", "{63A00586-CAD6-43B4-87E8-3FE3D5F4F540}"
EndProject
Global
	GlobalSection(SolutionConfigurationPlatforms) = preSolution
		Debug|Any CPU = Debug|Any CPU
		Release|Any CPU = Release|Any CPU
	EndGlobalSection
	GlobalSection(ProjectConfigurationPlatforms) = postSolution
		{1DFCF1A5-15D2-4334-A4AC-FA5EFDB16AE8}.Debug|Any CPU.ActiveCfg = Debug|Any CPU
		{1DFCF1A5-15D2-4334-A4AC-FA5EFDB16AE8}.Debug|Any CPU.Build.0 = Debug|Any CPU
		{1DFCF1A5-15D2-4334-A4AC-FA5EFDB16AE8}.Release|Any CPU.ActiveCfg = Release|Any CPU
		{1DFCF1A5-15D2-4334-A4AC-FA5EFDB16AE8}.Release|Any CPU.Build.0 = Release|Any CPU
		{795F56FF-123E-41BA-9FB0-493DD4982E03}.Debug|Any CPU.ActiveCfg = Debug|Any CPU
		{795F56FF-123E-41BA-9FB0-493DD4982E03}.Debug|Any CPU.Build.0 = Debug|Any CPU
		{795F56FF-123E-41BA-9FB0-493DD4982E03}.Release|Any CPU.ActiveCfg = Release|Any CPU
		{795F56FF-123E-41BA-9FB0-493DD4982E03}.Release|Any CPU.Build.0 = Release|Any CPU
		{27E6E4C2-9458-4A60-8245-B7725EE5285A}.Debug|Any CPU.ActiveCfg = Debug|Any CPU
		{27E6E4C2-9458-4A60-8245-B7725EE5285A}.Debug|Any CPU.Build.0 = Debug|Any CPU
		{27E6E4C2-9458-4A60-8245-B7725EE5285A}.Release|Any CPU.ActiveCfg = Release|Any CPU
		{27E6E4C2-9458-4A60-8245-B7725EE5285A}.Release|Any CPU.Build.0 = Release|Any CPU
		{63A00586-CAD6-43B4-87E8-3FE3D5F4F540}.Debug|Any CPU.ActiveCfg = Debug|Any CPU
		{63A00586-CAD6-43B4-87E8-3FE3D5F4F540}.Debug|Any CPU.Build.0 = Debug|Any CPU
		{63A00586-CAD6-43B4-87E8-3FE3D5F4F540}.Release|Any CPU.ActiveCfg = Release|Any CPU
		{63A00586-CAD6-43B4-87E8-3FE3D5F4F540}.Release|Any CPU.Build.0 = Release|Any CPU
	EndGlobalSection
	GlobalSection(SolutionProperties) = preSolution
		HideSolutionNode = FALSE
	EndGlobalSection
	GlobalSection(ExtensibilityGlobals) = postSolution
		SolutionGuid = {9908B73B-49A5-4657-A5CE-2B0EAD54AE5F}
	EndGlobalSection
EndGlobal
